<?xml version="1.0" encoding="utf-8"?>
<Project ToolsVersion="4.0" xmlns="http://schemas.microsoft.com/developer/msbuild/2003">
  <ItemGroup>
    <Filter Include="Source Files">
      <UniqueIdentifier>{4FC737F1-C7A5-4376-A066-2A32D752A2FF}</UniqueIdentifier>
      <Extensions>cpp;c;cc;cxx;def;odl;idl;hpj;bat;asm;asmx</Extensions>
    </Filter>
    <Filter Include="Header Files">
      <UniqueIdentifier>{93995380-89BD-4b04-88EB-625FBE52EBFB}</UniqueIdentifier>
      <Extensions>h;hh;hpp;hxx;hm;inl;inc;ipp;xsd</Extensions>
    </Filter>
    <Filter Include="Resource Files">
      <UniqueIdentifier>{67DA6AB6-F800-4c08-8B7A-83BB121AAD01}</UniqueIdentifier>
      <Extensions>rc;ico;cur;bmp;dlg;rc2;rct;bin;rgs;gif;jpg;jpeg;jpe;resx;tiff;tif;png;wav;mfcribbon-ms</Extensions>
    </Filter>
    <Filter Include="Header Files\fighter_states">
      <UniqueIdentifier>{e3b7e552-4870-4209-ab9b-21eed3815c9c}</UniqueIdentifier>
    </Filter>
    <Filter Include="Source Files\fighter_states">
      <UniqueIdentifier>{8179a6a4-497d-48fa-b1ec-1073e5c6d2aa}</UniqueIdentifier>
    </Filter>
  </ItemGroup>
  <ItemGroup>
    <ClCompile Include="main.cpp">
      <Filter>Source Files</Filter>
    </ClCompile>
    <ClCompile Include="fighter.cpp">
      <Filter>Source Files</Filter>
    </ClCompile>
    <ClCompile Include="cage.cpp">
      <Filter>Source Files</Filter>
    </ClCompile>
    <ClCompile Include="fighter_state.cpp">
      <Filter>Source Files</Filter>
    </ClCompile>
    <ClCompile Include="collision.cpp">
      <Filter>Source Files</Filter>
    </ClCompile>
    <ClCompile Include="idle_state.cpp">
      <Filter>Source Files\fighter_states</Filter>
    </ClCompile>
    <ClCompile Include="crouch_state.cpp">
      <Filter>Source Files\fighter_states</Filter>
    </ClCompile>
    <ClCompile Include="move_right_state.cpp">
      <Filter>Source Files\fighter_states</Filter>
    </ClCompile>
    <ClCompile Include="move_left_state.cpp">
      <Filter>Source Files\fighter_states</Filter>
    </ClCompile>
    <ClCompile Include="fightmove_state.cpp">
      <Filter>Source Files\fighter_states</Filter>
    </ClCompile>
    <ClCompile Include="jump_state.cpp">
      <Filter>Source Files\fighter_states</Filter>
    </ClCompile>
    <ClCompile Include="jump_right_state.cpp">
      <Filter>Source Files\fighter_states</Filter>
    </ClCompile>
    <ClCompile Include="block_state.cpp">
      <Filter>Source Files\fighter_states</Filter>
    </ClCompile>
    <ClCompile Include="fighter_animator.cpp">
      <Filter>Source Files</Filter>
    </ClCompile>
    <ClCompile Include="fightmove_input_handler.cpp">
      <Filter>Source Files</Filter>
    </ClCompile>
    <ClCompile Include="fighter_state_machine.cpp">
      <Filter>Source Files</Filter>
    </ClCompile>
    <ClCompile Include="user_fighter.cpp">
      <Filter>Source Files</Filter>
    </ClCompile>
    <ClCompile Include="jump_left_state.cpp">
      <Filter>Source Files\fighter_states</Filter>
    </ClCompile>
    <ClCompile Include="ai_fighter.cpp">
      <Filter>Source Files</Filter>
    </ClCompile>
    <ClCompile Include="ai_util.cpp">
      <Filter>Source Files</Filter>
    </ClCompile>
    <ClCompile Include="easy_ai.cpp">
      <Filter>Source Files</Filter>
    </ClCompile>
  </ItemGroup>
  <ItemGroup>
    <ClInclude Include="fighter.h">
      <Filter>Header Files</Filter>
    </ClInclude>
    <ClInclude Include="cage.h">
      <Filter>Header Files</Filter>
    </ClInclude>
    <ClInclude Include="collision.h">
      <Filter>Header Files</Filter>
    </ClInclude>
    <ClInclude Include="fighter_state.h">
      <Filter>Header Files</Filter>
    </ClInclude>
    <ClInclude Include="idle_state.h">
      <Filter>Header Files\fighter_states</Filter>
    </ClInclude>
    <ClInclude Include="crouch_state.h">
      <Filter>Header Files\fighter_states</Filter>
    </ClInclude>
    <ClInclude Include="move_right_state.h">
      <Filter>Header Files\fighter_states</Filter>
    </ClInclude>
    <ClInclude Include="move_left_state.h">
      <Filter>Header Files\fighter_states</Filter>
    </ClInclude>
    <ClInclude Include="fightmove_state.h">
      <Filter>Header Files\fighter_states</Filter>
    </ClInclude>
    <ClInclude Include="all_fight_states.h">
      <Filter>Header Files</Filter>
    </ClInclude>
    <ClInclude Include="jump_state.h">
      <Filter>Header Files\fighter_states</Filter>
    </ClInclude>
    <ClInclude Include="jump_right_state.h">
      <Filter>Header Files\fighter_states</Filter>
    </ClInclude>
    <ClInclude Include="jump_left_state.h">
      <Filter>Header Files\fighter_states</Filter>
    </ClInclude>
    <ClInclude Include="block_state.h">
      <Filter>Header Files\fighter_states</Filter>
    </ClInclude>
    <ClInclude Include="..\Bones\fighter_animator.h">
      <Filter>Header Files</Filter>
    </ClInclude>
    <ClInclude Include="fightmove.h">
      <Filter>Header Files</Filter>
    </ClInclude>
    <ClInclude Include="fightmove_input_handler.h">
      <Filter>Header Files</Filter>
    </ClInclude>
    <ClInclude Include="fighter_state_machine.h">
      <Filter>Header Files</Filter>
    </ClInclude>
    <ClInclude Include="user_fighter.h">
      <Filter>Header Files</Filter>
    </ClInclude>
    <ClInclude Include="ai_fighter.h">
      <Filter>Header Files</Filter>
    </ClInclude>
    <ClInclude Include="ai_util.h">
      <Filter>Header Files</Filter>
    </ClInclude>
    <ClInclude Include="easy_ai.h">
      <Filter>Header Files</Filter>
    </ClInclude>
  </ItemGroup>
</Project>